// !$*UTF8*$!
{
	archiveVersion = 1;
	classes = {
	};
	objectVersion = 50;
	objects = {

/* Begin PBXBuildFile section */
		2A02BA9F24B89B9700DA760D /* AppDelegate.swift in Sources */ = {isa = PBXBuildFile; fileRef = 2A02BA9E24B89B9700DA760D /* AppDelegate.swift */; };
		2A02BAA124B89B9700DA760D /* SceneDelegate.swift in Sources */ = {isa = PBXBuildFile; fileRef = 2A02BAA024B89B9700DA760D /* SceneDelegate.swift */; };
		2A02BAA324B89B9700DA760D /* ViewController.swift in Sources */ = {isa = PBXBuildFile; fileRef = 2A02BAA224B89B9700DA760D /* ViewController.swift */; };
		2A02BAA624B89B9700DA760D /* Main.storyboard in Resources */ = {isa = PBXBuildFile; fileRef = 2A02BAA424B89B9700DA760D /* Main.storyboard */; };
		2A02BAA824B89B9700DA760D /* Assets.xcassets in Resources */ = {isa = PBXBuildFile; fileRef = 2A02BAA724B89B9700DA760D /* Assets.xcassets */; };
		2A02BAAB24B89B9700DA760D /* LaunchScreen.storyboard in Resources */ = {isa = PBXBuildFile; fileRef = 2A02BAA924B89B9700DA760D /* LaunchScreen.storyboard */; };
		2A02BAB624B89B9700DA760D /* AnimalSoundsTests.swift in Sources */ = {isa = PBXBuildFile; fileRef = 2A02BAB524B89B9700DA760D /* AnimalSoundsTests.swift */; };
		2A02BAC124B89B9700DA760D /* AnimalSoundsUITests.swift in Sources */ = {isa = PBXBuildFile; fileRef = 2A02BAC024B89B9700DA760D /* AnimalSoundsUITests.swift */; };
		2A02BAD424B8B00400DA760D /* moo.m4a in Resources */ = {isa = PBXBuildFile; fileRef = 2A02BAD024B8B00400DA760D /* moo.m4a */; };
		2A02BAD524B8B00400DA760D /* woof.m4a in Resources */ = {isa = PBXBuildFile; fileRef = 2A02BAD124B8B00400DA760D /* woof.m4a */; };
		2A02BAD624B8B00400DA760D /* meow.m4a in Resources */ = {isa = PBXBuildFile; fileRef = 2A02BAD224B8B00400DA760D /* meow.m4a */; };
		2A02BAD724B8B00400DA760D /* SimpleSound.swift in Sources */ = {isa = PBXBuildFile; fileRef = 2A02BAD324B8B00400DA760D /* SimpleSound.swift */; };
/* End PBXBuildFile section */

/* Begin PBXContainerItemProxy section */
		2A02BAB224B89B9700DA760D /* PBXContainerItemProxy */ = {
			isa = PBXContainerItemProxy;
			containerPortal = 2A02BA9324B89B9700DA760D /* Project object */;
			proxyType = 1;
			remoteGlobalIDString = 2A02BA9A24B89B9700DA760D;
			remoteInfo = AnimalSounds;
		};
		2A02BABD24B89B9700DA760D /* PBXContainerItemProxy */ = {
			isa = PBXContainerItemProxy;
			containerPortal = 2A02BA9324B89B9700DA760D /* Project object */;
			proxyType = 1;
			remoteGlobalIDString = 2A02BA9A24B89B9700DA760D;
			remoteInfo = AnimalSounds;
		};
/* End PBXContainerItemProxy section */

/* Begin PBXFileReference section */
		2A02BA9B24B89B9700DA760D /* AnimalSounds.app */ = {isa = PBXFileReference; explicitFileType = wrapper.application; includeInIndex = 0; path = AnimalSounds.app; sourceTree = BUILT_PRODUCTS_DIR; };
		2A02BA9E24B89B9700DA760D /* AppDelegate.swift */ = {isa = PBXFileReference; lastKnownFileType = sourcecode.swift; path = AppDelegate.swift; sourceTree = "<group>"; };
		2A02BAA024B89B9700DA760D /* SceneDelegate.swift */ = {isa = PBXFileReference; lastKnownFileType = sourcecode.swift; path = SceneDelegate.swift; sourceTree = "<group>"; };
		2A02BAA224B89B9700DA760D /* ViewController.swift */ = {isa = PBXFileReference; lastKnownFileType = sourcecode.swift; path = ViewController.swift; sourceTree = "<group>"; };
		2A02BAA524B89B9700DA760D /* Base */ = {isa = PBXFileReference; lastKnownFileType = file.storyboard; name = Base; path = Base.lproj/Main.storyboard; sourceTree = "<group>"; };
		2A02BAA724B89B9700DA760D /* Assets.xcassets */ = {isa = PBXFileReference; lastKnownFileType = folder.assetcatalog; path = Assets.xcassets; sourceTree = "<group>"; };
		2A02BAAA24B89B9700DA760D /* Base */ = {isa = PBXFileReference; lastKnownFileType = file.storyboard; name = Base; path = Base.lproj/LaunchScreen.storyboard; sourceTree = "<group>"; };
		2A02BAAC24B89B9700DA760D /* Info.plist */ = {isa = PBXFileReference; lastKnownFileType = text.plist.xml; path = Info.plist; sourceTree = "<group>"; };
		2A02BAB124B89B9700DA760D /* AnimalSoundsTests.xctest */ = {isa = PBXFileReference; explicitFileType = wrapper.cfbundle; includeInIndex = 0; path = AnimalSoundsTests.xctest; sourceTree = BUILT_PRODUCTS_DIR; };
		2A02BAB524B89B9700DA760D /* AnimalSoundsTests.swift */ = {isa = PBXFileReference; lastKnownFileType = sourcecode.swift; path = AnimalSoundsTests.swift; sourceTree = "<group>"; };
		2A02BAB724B89B9700DA760D /* Info.plist */ = {isa = PBXFileReference; lastKnownFileType = text.plist.xml; path = Info.plist; sourceTree = "<group>"; };
		2A02BABC24B89B9700DA760D /* AnimalSoundsUITests.xctest */ = {isa = PBXFileReference; explicitFileType = wrapper.cfbundle; includeInIndex = 0; path = AnimalSoundsUITests.xctest; sourceTree = BUILT_PRODUCTS_DIR; };
		2A02BAC024B89B9700DA760D /* AnimalSoundsUITests.swift */ = {isa = PBXFileReference; lastKnownFileType = sourcecode.swift; path = AnimalSoundsUITests.swift; sourceTree = "<group>"; };
		2A02BAC224B89B9700DA760D /* Info.plist */ = {isa = PBXFileReference; lastKnownFileType = text.plist.xml; path = Info.plist; sourceTree = "<group>"; };
		2A02BAD024B8B00400DA760D /* moo.m4a */ = {isa = PBXFileReference; lastKnownFileType = file; path = moo.m4a; sourceTree = "<group>"; };
		2A02BAD124B8B00400DA760D /* woof.m4a */ = {isa = PBXFileReference; lastKnownFileType = file; path = woof.m4a; sourceTree = "<group>"; };
		2A02BAD224B8B00400DA760D /* meow.m4a */ = {isa = PBXFileReference; lastKnownFileType = file; path = meow.m4a; sourceTree = "<group>"; };
		2A02BAD324B8B00400DA760D /* SimpleSound.swift */ = {isa = PBXFileReference; fileEncoding = 4; lastKnownFileType = sourcecode.swift; path = SimpleSound.swift; sourceTree = "<group>"; };
/* End PBXFileReference section */

/* Begin PBXFrameworksBuildPhase section */
		2A02BA9824B89B9700DA760D /* Frameworks */ = {
			isa = PBXFrameworksBuildPhase;
			buildActionMask = 2147483647;
			files = (
			);
			runOnlyForDeploymentPostprocessing = 0;
		};
		2A02BAAE24B89B9700DA760D /* Frameworks */ = {
			isa = PBXFrameworksBuildPhase;
			buildActionMask = 2147483647;
			files = (
			);
			runOnlyForDeploymentPostprocessing = 0;
		};
		2A02BAB924B89B9700DA760D /* Frameworks */ = {
			isa = PBXFrameworksBuildPhase;
			buildActionMask = 2147483647;
			files = (
			);
			runOnlyForDeploymentPostprocessing = 0;
		};
/* End PBXFrameworksBuildPhase section */

/* Begin PBXGroup section */
		2A02BA9224B89B9700DA760D = {
			isa = PBXGroup;
			children = (
				2A02BA9D24B89B9700DA760D /* AnimalSounds */,
				2A02BAB424B89B9700DA760D /* AnimalSoundsTests */,
				2A02BABF24B89B9700DA760D /* AnimalSoundsUITests */,
				2A02BA9C24B89B9700DA760D /* Products */,
			);
			sourceTree = "<group>";
		};
		2A02BA9C24B89B9700DA760D /* Products */ = {
			isa = PBXGroup;
			children = (
				2A02BA9B24B89B9700DA760D /* AnimalSounds.app */,
				2A02BAB124B89B9700DA760D /* AnimalSoundsTests.xctest */,
				2A02BABC24B89B9700DA760D /* AnimalSoundsUITests.xctest */,
			);
			name = Products;
			sourceTree = "<group>";
		};
		2A02BA9D24B89B9700DA760D /* AnimalSounds */ = {
			isa = PBXGroup;
			children = (
				2A02BAD224B8B00400DA760D /* meow.m4a */,
				2A02BAD024B8B00400DA760D /* moo.m4a */,
				2A02BAD324B8B00400DA760D /* SimpleSound.swift */,
				2A02BAD124B8B00400DA760D /* woof.m4a */,
				2A02BA9E24B89B9700DA760D /* AppDelegate.swift */,
				2A02BAA024B89B9700DA760D /* SceneDelegate.swift */,
				2A02BAA224B89B9700DA760D /* ViewController.swift */,
				2A02BAA424B89B9700DA760D /* Main.storyboard */,
				2A02BAA724B89B9700DA760D /* Assets.xcassets */,
				2A02BAA924B89B9700DA760D /* LaunchScreen.storyboard */,
				2A02BAAC24B89B9700DA760D /* Info.plist */,
			);
			path = AnimalSounds;
			sourceTree = "<group>";
		};
		2A02BAB424B89B9700DA760D /* AnimalSoundsTests */ = {
			isa = PBXGroup;
			children = (
				2A02BAB524B89B9700DA760D /* AnimalSoundsTests.swift */,
				2A02BAB724B89B9700DA760D /* Info.plist */,
			);
			path = AnimalSoundsTests;
			sourceTree = "<group>";
		};
		2A02BABF24B89B9700DA760D /* AnimalSoundsUITests */ = {
			isa = PBXGroup;
			children = (
				2A02BAC024B89B9700DA760D /* AnimalSoundsUITests.swift */,
				2A02BAC224B89B9700DA760D /* Info.plist */,
			);
			path = AnimalSoundsUITests;
			sourceTree = "<group>";
		};
/* End PBXGroup section */

/* Begin PBXNativeTarget section */
		2A02BA9A24B89B9700DA760D /* AnimalSounds */ = {
			isa = PBXNativeTarget;
			buildConfigurationList = 2A02BAC524B89B9700DA760D /* Build configuration list for PBXNativeTarget "AnimalSounds" */;
			buildPhases = (
				2A02BA9724B89B9700DA760D /* Sources */,
				2A02BA9824B89B9700DA760D /* Frameworks */,
				2A02BA9924B89B9700DA760D /* Resources */,
			);
			buildRules = (
			);
			dependencies = (
			);
			name = AnimalSounds;
			productName = AnimalSounds;
			productReference = 2A02BA9B24B89B9700DA760D /* AnimalSounds.app */;
			productType = "com.apple.product-type.application";
		};
		2A02BAB024B89B9700DA760D /* AnimalSoundsTests */ = {
			isa = PBXNativeTarget;
			buildConfigurationList = 2A02BAC824B89B9700DA760D /* Build configuration list for PBXNativeTarget "AnimalSoundsTests" */;
			buildPhases = (
				2A02BAAD24B89B9700DA760D /* Sources */,
				2A02BAAE24B89B9700DA760D /* Frameworks */,
				2A02BAAF24B89B9700DA760D /* Resources */,
			);
			buildRules = (
			);
			dependencies = (
				2A02BAB324B89B9700DA760D /* PBXTargetDependency */,
			);
			name = AnimalSoundsTests;
			productName = AnimalSoundsTests;
			productReference = 2A02BAB124B89B9700DA760D /* AnimalSoundsTests.xctest */;
			productType = "com.apple.product-type.bundle.unit-test";
		};
		2A02BABB24B89B9700DA760D /* AnimalSoundsUITests */ = {
			isa = PBXNativeTarget;
			buildConfigurationList = 2A02BACB24B89B9700DA760D /* Build configuration list for PBXNativeTarget "AnimalSoundsUITests" */;
			buildPhases = (
				2A02BAB824B89B9700DA760D /* Sources */,
				2A02BAB924B89B9700DA760D /* Frameworks */,
				2A02BABA24B89B9700DA760D /* Resources */,
			);
			buildRules = (
			);
			dependencies = (
				2A02BABE24B89B9700DA760D /* PBXTargetDependency */,
			);
			name = AnimalSoundsUITests;
			productName = AnimalSoundsUITests;
			productReference = 2A02BABC24B89B9700DA760D /* AnimalSoundsUITests.xctest */;
			productType = "com.apple.product-type.bundle.ui-testing";
		};
/* End PBXNativeTarget section */

/* Begin PBXProject section */
		2A02BA9324B89B9700DA760D /* Project object */ = {
			isa = PBXProject;
			attributes = {
				LastSwiftUpdateCheck = 1150;
				LastUpgradeCheck = 1150;
				ORGANIZATIONNAME = "Sophie Kim";
				TargetAttributes = {
					2A02BA9A24B89B9700DA760D = {
						CreatedOnToolsVersion = 11.5;
					};
					2A02BAB024B89B9700DA760D = {
						CreatedOnToolsVersion = 11.5;
						TestTargetID = 2A02BA9A24B89B9700DA760D;
					};
					2A02BABB24B89B9700DA760D = {
						CreatedOnToolsVersion = 11.5;
						TestTargetID = 2A02BA9A24B89B9700DA760D;
					};
				};
			};
			buildConfigurationList = 2A02BA9624B89B9700DA760D /* Build configuration list for PBXProject "AnimalSounds" */;
			compatibilityVersion = "Xcode 9.3";
			developmentRegion = en;
			hasScannedForEncodings = 0;
			knownRegions = (
				en,
				Base,
			);
			mainGroup = 2A02BA9224B89B9700DA760D;
			productRefGroup = 2A02BA9C24B89B9700DA760D /* Products */;
			projectDirPath = "";
			projectRoot = "";
			targets = (
				2A02BA9A24B89B9700DA760D /* AnimalSounds */,
				2A02BAB024B89B9700DA760D /* AnimalSoundsTests */,
				2A02BABB24B89B9700DA760D /* AnimalSoundsUITests */,
			);
		};
/* End PBXProject section */

/* Begin PBXResourcesBuildPhase section */
		2A02BA9924B89B9700DA760D /* Resources */ = {
			isa = PBXResourcesBuildPhase;
			buildActionMask = 2147483647;
			files = (
				2A02BAAB24B89B9700DA760D /* LaunchScreen.storyboard in Resources */,
				2A02BAA824B89B9700DA760D /* Assets.xcassets in Resources */,
				2A02BAD424B8B00400DA760D /* moo.m4a in Resources */,
				2A02BAD524B8B00400DA760D /* woof.m4a in Resources */,
				2A02BAD624B8B00400DA760D /* meow.m4a in Resources */,
				2A02BAA624B89B9700DA760D /* Main.storyboard in Resources */,
			);
			runOnlyForDeploymentPostprocessing = 0;
		};
		2A02BAAF24B89B9700DA760D /* Resources */ = {
			isa = PBXResourcesBuildPhase;
			buildActionMask = 2147483647;
			files = (
			);
			runOnlyForDeploymentPostprocessing = 0;
		};
		2A02BABA24B89B9700DA760D /* Resources */ = {
			isa = PBXResourcesBuildPhase;
			buildActionMask = 2147483647;
			files = (
			);
			runOnlyForDeploymentPostprocessing = 0;
		};
/* End PBXResourcesBuildPhase section */

/* Begin PBXSourcesBuildPhase section */
		2A02BA9724B89B9700DA760D /* Sources */ = {
			isa = PBXSourcesBuildPhase;
			buildActionMask = 2147483647;
			files = (
				2A02BAD724B8B00400DA760D /* SimpleSound.swift in Sources */,
				2A02BAA324B89B9700DA760D /* ViewController.swift in Sources */,
				2A02BA9F24B89B9700DA760D /* AppDelegate.swift in Sources */,
				2A02BAA124B89B9700DA760D /* SceneDelegate.swift in Sources */,
			);
			runOnlyForDeploymentPostprocessing = 0;
		};
		2A02BAAD24B89B9700DA760D /* Sources */ = {
			isa = PBXSourcesBuildPhase;
			buildActionMask = 2147483647;
			files = (
				2A02BAB624B89B9700DA760D /* AnimalSoundsTests.swift in Sources */,
			);
			runOnlyForDeploymentPostprocessing = 0;
		};
		2A02BAB824B89B9700DA760D /* Sources */ = {
			isa = PBXSourcesBuildPhase;
			buildActionMask = 2147483647;
			files = (
				2A02BAC124B89B9700DA760D /* AnimalSoundsUITests.swift in Sources */,
			);
			runOnlyForDeploymentPostprocessing = 0;
		};
/* End PBXSourcesBuildPhase section */

/* Begin PBXTargetDependency section */
		2A02BAB324B89B9700DA760D /* PBXTargetDependency */ = {
			isa = PBXTargetDependency;
			target = 2A02BA9A24B89B9700DA760D /* AnimalSounds */;
			targetProxy = 2A02BAB224B89B9700DA760D /* PBXContainerItemProxy */;
		};
		2A02BABE24B89B9700DA760D /* PBXTargetDependency */ = {
			isa = PBXTargetDependency;
			target = 2A02BA9A24B89B9700DA760D /* AnimalSounds */;
			targetProxy = 2A02BABD24B89B9700DA760D /* PBXContainerItemProxy */;
		};
/* End PBXTargetDependency section */

/* Begin PBXVariantGroup section */
		2A02BAA424B89B9700DA760D /* Main.storyboard */ = {
			isa = PBXVariantGroup;
			children = (
				2A02BAA524B89B9700DA760D /* Base */,
			);
			name = Main.storyboard;
			sourceTree = "<group>";
		};
		2A02BAA924B89B9700DA760D /* LaunchScreen.storyboard */ = {
			isa = PBXVariantGroup;
			children = (
				2A02BAAA24B89B9700DA760D /* Base */,
			);
			name = LaunchScreen.storyboard;
			sourceTree = "<group>";
		};
/* End PBXVariantGroup section */

/* Begin XCBuildConfiguration section */
		2A02BAC324B89B9700DA760D /* Debug */ = {
			isa = XCBuildConfiguration;
			buildSettings = {
				ALWAYS_SEARCH_USER_PATHS = NO;
				CLANG_ANALYZER_NONNULL = YES;
				CLANG_ANALYZER_NUMBER_OBJECT_CONVERSION = YES_AGGRESSIVE;
				CLANG_CXX_LANGUAGE_STANDARD = "gnu++14";
				CLANG_CXX_LIBRARY = "libc++";
				CLANG_ENABLE_MODULES = YES;
				CLANG_ENABLE_OBJC_ARC = YES;
				CLANG_ENABLE_OBJC_WEAK = YES;
				CLANG_WARN_BLOCK_CAPTURE_AUTORELEASING = YES;
				CLANG_WARN_BOOL_CONVERSION = YES;
				CLANG_WARN_COMMA = YES;
				CLANG_WARN_CONSTANT_CONVERSION = YES;
				CLANG_WARN_DEPRECATED_OBJC_IMPLEMENTATIONS = YES;
				CLANG_WARN_DIRECT_OBJC_ISA_USAGE = YES_ERROR;
				CLANG_WARN_DOCUMENTATION_COMMENTS = YES;
				CLANG_WARN_EMPTY_BODY = YES;
				CLANG_WARN_ENUM_CONVERSION = YES;
				CLANG_WARN_INFINITE_RECURSION = YES;
				CLANG_WARN_INT_CONVERSION = YES;
				CLANG_WARN_NON_LITERAL_NULL_CONVERSION = YES;
				CLANG_WARN_OBJC_IMPLICIT_RETAIN_SELF = YES;
				CLANG_WARN_OBJC_LITERAL_CONVERSION = YES;
				CLANG_WARN_OBJC_ROOT_CLASS = YES_ERROR;
				CLANG_WARN_RANGE_LOOP_ANALYSIS = YES;
				CLANG_WARN_STRICT_PROTOTYPES = YES;
				CLANG_WARN_SUSPICIOUS_MOVE = YES;
				CLANG_WARN_UNGUARDED_AVAILABILITY = YES_AGGRESSIVE;
				CLANG_WARN_UNREACHABLE_CODE = YES;
				CLANG_WARN__DUPLICATE_METHOD_MATCH = YES;
				COPY_PHASE_STRIP = NO;
				DEBUG_INFORMATION_FORMAT = dwarf;
				ENABLE_STRICT_OBJC_MSGSEND = YES;
				ENABLE_TESTABILITY = YES;
				GCC_C_LANGUAGE_STANDARD = gnu11;
				GCC_DYNAMIC_NO_PIC = NO;
				GCC_NO_COMMON_BLOCKS = YES;
				GCC_OPTIMIZATION_LEVEL = 0;
				GCC_PREPROCESSOR_DEFINITIONS = (
					"DEBUG=1",
					"$(inherited)",
				);
				GCC_WARN_64_TO_32_BIT_CONVERSION = YES;
				GCC_WARN_ABOUT_RETURN_TYPE = YES_ERROR;
				GCC_WARN_UNDECLARED_SELECTOR = YES;
				GCC_WARN_UNINITIALIZED_AUTOS = YES_AGGRESSIVE;
				GCC_WARN_UNUSED_FUNCTION = YES;
				GCC_WARN_UNUSED_VARIABLE = YES;
				IPHONEOS_DEPLOYMENT_TARGET = 13.5;
				MTL_ENABLE_DEBUG_INFO = INCLUDE_SOURCE;
				MTL_FAST_MATH = YES;
				ONLY_ACTIVE_ARCH = YES;
				SDKROOT = iphoneos;
				SWIFT_ACTIVE_COMPILATION_CONDITIONS = DEBUG;
				SWIFT_OPTIMIZATION_LEVEL = "-Onone";
			};
			name = Debug;
		};
		2A02BAC424B89B9700DA760D /* Release */ = {
			isa = XCBuildConfiguration;
			buildSettings = {
				ALWAYS_SEARCH_USER_PATHS = NO;
				CLANG_ANALYZER_NONNULL = YES;
				CLANG_ANALYZER_NUMBER_OBJECT_CONVERSION = YES_AGGRESSIVE;
				CLANG_CXX_LANGUAGE_STANDARD = "gnu++14";
				CLANG_CXX_LIBRARY = "libc++";
				CLANG_ENABLE_MODULES = YES;
				CLANG_ENABLE_OBJC_ARC = YES;
				CLANG_ENABLE_OBJC_WEAK = YES;
				CLANG_WARN_BLOCK_CAPTURE_AUTORELEASING = YES;
				CLANG_WARN_BOOL_CONVERSION = YES;
				CLANG_WARN_COMMA = YES;
				CLANG_WARN_CONSTANT_CONVERSION = YES;
				CLANG_WARN_DEPRECATED_OBJC_IMPLEMENTATIONS = YES;
				CLANG_WARN_DIRECT_OBJC_ISA_USAGE = YES_ERROR;
				CLANG_WARN_DOCUMENTATION_COMMENTS = YES;
				CLANG_WARN_EMPTY_BODY = YES;
				CLANG_WARN_ENUM_CONVERSION = YES;
				CLANG_WARN_INFINITE_RECURSION = YES;
				CLANG_WARN_INT_CONVERSION = YES;
				CLANG_WARN_NON_LITERAL_NULL_CONVERSION = YES;
				CLANG_WARN_OBJC_IMPLICIT_RETAIN_SELF = YES;
				CLANG_WARN_OBJC_LITERAL_CONVERSION = YES;
				CLANG_WARN_OBJC_ROOT_CLASS = YES_ERROR;
				CLANG_WARN_RANGE_LOOP_ANALYSIS = YES;
				CLANG_WARN_STRICT_PROTOTYPES = YES;
				CLANG_WARN_SUSPICIOUS_MOVE = YES;
				CLANG_WARN_UNGUARDED_AVAILABILITY = YES_AGGRESSIVE;
				CLANG_WARN_UNREACHABLE_CODE = YES;
				CLANG_WARN__DUPLICATE_METHOD_MATCH = YES;
				COPY_PHASE_STRIP = NO;
				DEBUG_INFORMATION_FORMAT = "dwarf-with-dsym";
				ENABLE_NS_ASSERTIONS = NO;
				ENABLE_STRICT_OBJC_MSGSEND = YES;
				GCC_C_LANGUAGE_STANDARD = gnu11;
				GCC_NO_COMMON_BLOCKS = YES;
				GCC_WARN_64_TO_32_BIT_CONVERSION = YES;
				GCC_WARN_ABOUT_RETURN_TYPE = YES_ERROR;
				GCC_WARN_UNDECLARED_SELECTOR = YES;
				GCC_WARN_UNINITIALIZED_AUTOS = YES_AGGRESSIVE;
				GCC_WARN_UNUSED_FUNCTION = YES;
				GCC_WARN_UNUSED_VARIABLE = YES;
				IPHONEOS_DEPLOYMENT_TARGET = 13.5;
				MTL_ENABLE_DEBUG_INFO = NO;
				MTL_FAST_MATH = YES;
				SDKROOT = iphoneos;
				SWIFT_COMPILATION_MODE = wholemodule;
				SWIFT_OPTIMIZATION_LEVEL = "-O";
				VALIDATE_PRODUCT = YES;
			};
			name = Release;
		};
		2A02BAC624B89B9700DA760D /* Debug */ = {
			isa = XCBuildConfiguration;
			buildSettings = {
				ASSETCATALOG_COMPILER_APPICON_NAME = AppIcon;
				CODE_SIGN_STYLE = Automatic;
				INFOPLIST_FILE = AnimalSounds/Info.plist;
				LD_RUNPATH_SEARCH_PATHS = (
					"$(inherited)",
					"@executable_path/Frameworks",
				);
				PRODUCT_BUNDLE_IDENTIFIER = com.sophiekim.AnimalSounds;
				PRODUCT_NAME = "$(TARGET_NAME)";
				SWIFT_VERSION = 5.0;
				TARGETED_DEVICE_FAMILY = "1,2";
			};
			name = Debug;
		};
		2A02BAC724B89B9700DA760D /* Release */ = {
			isa = XCBuildConfiguration;
			buildSettings = {
				ASSETCATALOG_COMPILER_APPICON_NAME = AppIcon;
				CODE_SIGN_STYLE = Automatic;
				INFOPLIST_FILE = AnimalSounds/Info.plist;
				LD_RUNPATH_SEARCH_PATHS = (
					"$(inherited)",
					"@executable_path/Frameworks",
				);
				PRODUCT_BUNDLE_IDENTIFIER = com.sophiekim.AnimalSounds;
				PRODUCT_NAME = "$(TARGET_NAME)";
				SWIFT_VERSION = 5.0;
				TARGETED_DEVICE_FAMILY = "1,2";
			};
			name = Release;
		};
		2A02BAC924B89B9700DA760D /* Debug */ = {
			isa = XCBuildConfiguration;
			buildSettings = {
				ALWAYS_EMBED_SWIFT_STANDARD_LIBRARIES = YES;
				BUNDLE_LOADER = "$(TEST_HOST)";
				CODE_SIGN_STYLE = Automatic;
				INFOPLIST_FILE = AnimalSoundsTests/Info.plist;
				IPHONEOS_DEPLOYMENT_TARGET = 13.5;
				LD_RUNPATH_SEARCH_PATHS = (
					"$(inherited)",
					"@executable_path/Frameworks",
					"@loader_path/Frameworks",
				);
				PRODUCT_BUNDLE_IDENTIFIER = com.sophiekim.AnimalSoundsTests;
				PRODUCT_NAME = "$(TARGET_NAME)";
				SWIFT_VERSION = 5.0;
				TARGETED_DEVICE_FAMILY = "1,2";
				TEST_HOST = "$(BUILT_PRODUCTS_DIR)/AnimalSounds.app/AnimalSounds";
			};
			name = Debug;
		};
		2A02BACA24B89B9700DA760D /* Release */ = {
			isa = XCBuildConfiguration;
			buildSettings = {
				ALWAYS_EMBED_SWIFT_STANDARD_LIBRARIES = YES;
				BUNDLE_LOADER = "$(TEST_HOST)";
				CODE_SIGN_STYLE = Automatic;
				INFOPLIST_FILE = AnimalSoundsTests/Info.plist;
				IPHONEOS_DEPLOYMENT_TARGET = 13.5;
				LD_RUNPATH_SEARCH_PATHS = (
					"$(inherited)",
					"@executable_path/Frameworks",
					"@loader_path/Frameworks",
				);
				PRODUCT_BUNDLE_IDENTIFIER = com.sophiekim.AnimalSoundsTests;
				PRODUCT_NAME = "$(TARGET_NAME)";
				SWIFT_VERSION = 5.0;
				TARGETED_DEVICE_FAMILY = "1,2";
				TEST_HOST = "$(BUILT_PRODUCTS_DIR)/AnimalSounds.app/AnimalSounds";
			};
			name = Release;
		};
		2A02BACC24B89B9700DA760D /* Debug */ = {
			isa = XCBuildConfiguration;
			buildSettings = {
				ALWAYS_EMBED_SWIFT_STANDARD_LIBRARIES = YES;
				CODE_SIGN_STYLE = Automatic;
				INFOPLIST_FILE = AnimalSoundsUITests/Info.plist;
				LD_RUNPATH_SEARCH_PATHS = (
					"$(inherited)",
					"@executable_path/Frameworks",
					"@loader_path/Frameworks",
				);
				PRODUCT_BUNDLE_IDENTIFIER = com.sophiekim.AnimalSoundsUITests;
				PRODUCT_NAME = "$(TARGET_NAME)";
				SWIFT_VERSION = 5.0;
				TARGETED_DEVICE_FAMILY = "1,2";
				TEST_TARGET_NAME = AnimalSounds;
			};
			name = Debug;
		};
		2A02BACD24B89B9700DA760D /* Release */ = {
			isa = XCBuildConfiguration;
			buildSettings = {
				ALWAYS_EMBED_SWIFT_STANDARD_LIBRARIES = YES;
				CODE_SIGN_STYLE = Automatic;
				INFOPLIST_FILE = AnimalSoundsUITests/Info.plist;
				LD_RUNPATH_SEARCH_PATHS = (
					"$(inherited)",
					"@executable_path/Frameworks",
					"@loader_path/Frameworks",
				);
				PRODUCT_BUNDLE_IDENTIFIER = com.sophiekim.AnimalSoundsUITests;
				PRODUCT_NAME = "$(TARGET_NAME)";
				SWIFT_VERSION = 5.0;
				TARGETED_DEVICE_FAMILY = "1,2";
				TEST_TARGET_NAME = AnimalSounds;
			};
			name = Release;
		};
/* End XCBuildConfiguration section */

/* Begin XCConfigurationList section */
		2A02BA9624B89B9700DA760D /* Build configuration list for PBXProject "AnimalSounds" */ = {
			isa = XCConfigurationList;
			buildConfigurations = (
				2A02BAC324B89B9700DA760D /* Debug */,
				2A02BAC424B89B9700DA760D /* Release */,
			);
			defaultConfigurationIsVisible = 0;
			defaultConfigurationName = Release;
		};
		2A02BAC524B89B9700DA760D /* Build configuration list for PBXNativeTarget "AnimalSounds" */ = {
			isa = XCConfigurationList;
			buildConfigurations = (
				2A02BAC624B89B9700DA760D /* Debug */,
				2A02BAC724B89B9700DA760D /* Release */,
			);
			defaultConfigurationIsVisible = 0;
			defaultConfigurationName = Release;
		};
		2A02BAC824B89B9700DA760D /* Build configuration list for PBXNativeTarget "AnimalSoundsTests" */ = {
			isa = XCConfigurationList;
			buildConfigurations = (
				2A02BAC924B89B9700DA760D /* Debug */,
				2A02BACA24B89B9700DA760D /* Release */,
			);
			defaultConfigurationIsVisible = 0;
			defaultConfigurationName = Release;
		};
		2A02BACB24B89B9700DA760D /* Build configuration list for PBXNativeTarget "AnimalSoundsUITests" */ = {
			isa = XCConfigurationList;
			buildConfigurations = (
				2A02BACC24B89B9700DA760D /* Debug */,
				2A02BACD24B89B9700DA760D /* Release */,
			);
			defaultConfigurationIsVisible = 0;
			defaultConfigurationName = Release;
		};
/* End XCConfigurationList section */
	};
	rootObject = 2A02BA9324B89B9700DA760D /* Project object */;
}
